{
    "hash": "8e750f376963ddd1ddcaeff6fc8abdbe",
    "packages": [
        {
            "package": "twig\/twig",
            "version": "1.7.0-dev"
        },
        {
            "package": "swiftmailer\/swiftmailer",
            "version": "4.1.6-dev"
        },
        {
            "package": "monolog\/monolog",
            "version": "1.0.2"
        },
        {
            "package": "doctrine\/common",
            "version": "2.2.0"
        },
        {
            "package": "symfony\/symfony",
            "version": "2.1.0-dev"
        }
    ]
}